
Microsoft Visual Studio Solution File, Format Version 12.00
# Visual Studio Version 16
VisualStudioVersion = 16.0.30114.105
MinimumVisualStudioVersion = 10.0.40219.1
Project("{FAE04EC0-301F-11D3-BF4B-00C04F79EFBC}") = "01_TypesAndVariables", "01_TypesAndVariables\01_TypesAndVariables.csproj", "{CBF5BFC6-950A-446D-8A5C-E0116FD2BFC7}"
EndProject
Global
	GlobalSection(SolutionConfigurationPlatforms) = preSolution
		Debug|Any CPU = Debug|Any CPU
		Release|Any CPU = Release|Any CPU
	EndGlobalSection
	GlobalSection(ProjectConfigurationPlatforms) = postSolution
		{CBF5BFC6-950A-446D-8A5C-E0116FD2BFC7}.Debug|Any CPU.ActiveCfg = Debug|Any CPU
		{CBF5BFC6-950A-446D-8A5C-E0116FD2BFC7}.Debug|Any CPU.Build.0 = Debug|Any CPU
		{CBF5BFC6-950A-446D-8A5C-E0116FD2BFC7}.Release|Any CPU.ActiveCfg = Release|Any CPU
		{CBF5BFC6-950A-446D-8A5C-E0116FD2BFC7}.Release|Any CPU.Build.0 = Release|Any CPU
	EndGlobalSection
	GlobalSection(SolutionProperties) = preSolution
		HideSolutionNode = FALSE
	EndGlobalSection
	GlobalSection(ExtensibilityGlobals) = postSolution
		SolutionGuid = {682D8E0B-A0E1-4507-B84A-D6A469453842}
	EndGlobalSection
EndGlobal
